
Microsoft Visual Studio Solution File, Format Version 12.00
# Visual Studio Version 17
VisualStudioVersion = 17.1.32319.34
MinimumVisualStudioVersion = 10.0.40219.1
Project("{FAE04EC0-301F-11D3-BF4B-00C04F79EFBC}") = "ConsoleApp1", "ConsoleApp1\ConsoleApp1.csproj", "{0FDD677A-2CDF-4BA5-920F-CC59F07001E7}"
EndProject
Global
	GlobalSection(SolutionConfigurationPlatforms) = preSolution
		Debug|Any CPU = Debug|Any CPU
		Release|Any CPU = Release|Any CPU
	EndGlobalSection
	GlobalSection(ProjectConfigurationPlatforms) = postSolution
		{0FDD677A-2CDF-4BA5-920F-CC59F07001E7}.Debug|Any CPU.ActiveCfg = Debug|Any CPU
		{0FDD677A-2CDF-4BA5-920F-CC59F07001E7}.Debug|Any CPU.Build.0 = Debug|Any CPU
		{0FDD677A-2CDF-4BA5-920F-CC59F07001E7}.Release|Any CPU.ActiveCfg = Release|Any CPU
		{0FDD677A-2CDF-4BA5-920F-CC59F07001E7}.Release|Any CPU.Build.0 = Release|Any CPU
	EndGlobalSection
	GlobalSection(SolutionProperties) = preSolution
		HideSolutionNode = FALSE
	EndGlobalSection
	GlobalSection(ExtensibilityGlobals) = postSolution
		SolutionGuid = {5C276FD5-D993-4888-96DF-6025EB1BB675}
	EndGlobalSection
EndGlobal
